
Microsoft Visual Studio Solution File, Format Version 12.00
# Visual Studio Version 16
VisualStudioVersion = 16.0.29911.84
MinimumVisualStudioVersion = 10.0.40219.1
Project("{FAE04EC0-301F-11D3-BF4B-00C04F79EFBC}") = "oop-lab11", "oop-lab11\oop-lab11.csproj", "{1239264F-E962-4711-81AF-048B09436BC3}"
EndProject
Project("{FAE04EC0-301F-11D3-BF4B-00C04F79EFBC}") = "Library-oop-lab11", "Library-oop-lab11\Library-oop-lab11.csproj", "{3809197C-F496-47D5-BF75-6D7FBAF193C4}"
EndProject
Global
	GlobalSection(SolutionConfigurationPlatforms) = preSolution
		Debug|Any CPU = Debug|Any CPU
		Release|Any CPU = Release|Any CPU
	EndGlobalSection
	GlobalSection(ProjectConfigurationPlatforms) = postSolution
		{1239264F-E962-4711-81AF-048B09436BC3}.Debug|Any CPU.ActiveCfg = Debug|Any CPU
		{1239264F-E962-4711-81AF-048B09436BC3}.Debug|Any CPU.Build.0 = Debug|Any CPU
		{1239264F-E962-4711-81AF-048B09436BC3}.Release|Any CPU.ActiveCfg = Release|Any CPU
		{1239264F-E962-4711-81AF-048B09436BC3}.Release|Any CPU.Build.0 = Release|Any CPU
		{3809197C-F496-47D5-BF75-6D7FBAF193C4}.Debug|Any CPU.ActiveCfg = Debug|Any CPU
		{3809197C-F496-47D5-BF75-6D7FBAF193C4}.Debug|Any CPU.Build.0 = Debug|Any CPU
		{3809197C-F496-47D5-BF75-6D7FBAF193C4}.Release|Any CPU.ActiveCfg = Release|Any CPU
		{3809197C-F496-47D5-BF75-6D7FBAF193C4}.Release|Any CPU.Build.0 = Release|Any CPU
	EndGlobalSection
	GlobalSection(SolutionProperties) = preSolution
		HideSolutionNode = FALSE
	EndGlobalSection
	GlobalSection(ExtensibilityGlobals) = postSolution
		SolutionGuid = {5DA9E973-6BD4-4A20-B848-EFBF309EF41F}
	EndGlobalSection
EndGlobal
